
Microsoft Visual Studio Solution File, Format Version 12.00
# Visual Studio Version 17
VisualStudioVersion = 17.0.31903.59
MinimumVisualStudioVersion = 10.0.40219.1
Project("{FAE04EC0-301F-11D3-BF4B-00C04F79EFBC}") = "API", "API\API.csproj", "{42768B98-1EF0-430A-9183-7BCFC1AFE40C}"
EndProject
Project("{FAE04EC0-301F-11D3-BF4B-00C04F79EFBC}") = "Application", "Application\Application.csproj", "{42CB7CCC-B46A-49D2-A1E3-97C9728BB2B2}"
EndProject
Project("{FAE04EC0-301F-11D3-BF4B-00C04F79EFBC}") = "Domain", "Domain\Domain.csproj", "{B8B876E8-CB0E-4127-B6C1-202ADAAA59F3}"
EndProject
Project("{FAE04EC0-301F-11D3-BF4B-00C04F79EFBC}") = "Persistence", "Persistence\Persistence.csproj", "{2FE759C1-7153-4864-8B1C-5188A304C3C1}"
EndProject
Global
	GlobalSection(SolutionConfigurationPlatforms) = preSolution
		Debug|Any CPU = Debug|Any CPU
		Release|Any CPU = Release|Any CPU
	EndGlobalSection
	GlobalSection(SolutionProperties) = preSolution
		HideSolutionNode = FALSE
	EndGlobalSection
	GlobalSection(ProjectConfigurationPlatforms) = postSolution
		{42768B98-1EF0-430A-9183-7BCFC1AFE40C}.Debug|Any CPU.ActiveCfg = Debug|Any CPU
		{42768B98-1EF0-430A-9183-7BCFC1AFE40C}.Debug|Any CPU.Build.0 = Debug|Any CPU
		{42768B98-1EF0-430A-9183-7BCFC1AFE40C}.Release|Any CPU.ActiveCfg = Release|Any CPU
		{42768B98-1EF0-430A-9183-7BCFC1AFE40C}.Release|Any CPU.Build.0 = Release|Any CPU
		{42CB7CCC-B46A-49D2-A1E3-97C9728BB2B2}.Debug|Any CPU.ActiveCfg = Debug|Any CPU
		{42CB7CCC-B46A-49D2-A1E3-97C9728BB2B2}.Debug|Any CPU.Build.0 = Debug|Any CPU
		{42CB7CCC-B46A-49D2-A1E3-97C9728BB2B2}.Release|Any CPU.ActiveCfg = Release|Any CPU
		{42CB7CCC-B46A-49D2-A1E3-97C9728BB2B2}.Release|Any CPU.Build.0 = Release|Any CPU
		{B8B876E8-CB0E-4127-B6C1-202ADAAA59F3}.Debug|Any CPU.ActiveCfg = Debug|Any CPU
		{B8B876E8-CB0E-4127-B6C1-202ADAAA59F3}.Debug|Any CPU.Build.0 = Debug|Any CPU
		{B8B876E8-CB0E-4127-B6C1-202ADAAA59F3}.Release|Any CPU.ActiveCfg = Release|Any CPU
		{B8B876E8-CB0E-4127-B6C1-202ADAAA59F3}.Release|Any CPU.Build.0 = Release|Any CPU
		{2FE759C1-7153-4864-8B1C-5188A304C3C1}.Debug|Any CPU.ActiveCfg = Debug|Any CPU
		{2FE759C1-7153-4864-8B1C-5188A304C3C1}.Debug|Any CPU.Build.0 = Debug|Any CPU
		{2FE759C1-7153-4864-8B1C-5188A304C3C1}.Release|Any CPU.ActiveCfg = Release|Any CPU
		{2FE759C1-7153-4864-8B1C-5188A304C3C1}.Release|Any CPU.Build.0 = Release|Any CPU
	EndGlobalSection
EndGlobal
